
Microsoft Visual Studio Solution File, Format Version 12.00
# Visual Studio Version 17
VisualStudioVersion = 17.5.33414.496
MinimumVisualStudioVersion = 10.0.40219.1
Project("{FAE04EC0-301F-11D3-BF4B-00C04F79EFBC}") = "PlantApp", "PlantApp\PlantApp.csproj", "{DAD85CF7-A3A8-4D1B-A652-0BC22D0846E9}"
EndProject
Global
	GlobalSection(SolutionConfigurationPlatforms) = preSolution
		Debug|Any CPU = Debug|Any CPU
		Release|Any CPU = Release|Any CPU
	EndGlobalSection
	GlobalSection(ProjectConfigurationPlatforms) = postSolution
		{DAD85CF7-A3A8-4D1B-A652-0BC22D0846E9}.Debug|Any CPU.ActiveCfg = Debug|Any CPU
		{DAD85CF7-A3A8-4D1B-A652-0BC22D0846E9}.Debug|Any CPU.Build.0 = Debug|Any CPU
		{DAD85CF7-A3A8-4D1B-A652-0BC22D0846E9}.Release|Any CPU.ActiveCfg = Release|Any CPU
		{DAD85CF7-A3A8-4D1B-A652-0BC22D0846E9}.Release|Any CPU.Build.0 = Release|Any CPU
	EndGlobalSection
	GlobalSection(SolutionProperties) = preSolution
		HideSolutionNode = FALSE
	EndGlobalSection
	GlobalSection(ExtensibilityGlobals) = postSolution
		SolutionGuid = {21B089AA-57E1-44B2-AEA9-29A9DCD50070}
	EndGlobalSection
EndGlobal
